// !$*UTF8*$!
{
	archiveVersion = 1;
	classes = {
	};
	objectVersion = 46;
	objects = {

/* Begin PBXBuildFile section */
		EF35CB87163EC373002243AA /* TimeViewController.xib in Resources */ = {isa = PBXBuildFile; fileRef = EF35CB86163EC373002243AA /* TimeViewController.xib */; };
		EF35CB8A163EC45F002243AA /* TimeViewController.m in Sources */ = {isa = PBXBuildFile; fileRef = EF35CB89163EC45F002243AA /* TimeViewController.m */; };
		EF35CB8E163ECD61002243AA /* Time@2x.png in Resources */ = {isa = PBXBuildFile; fileRef = EF35CB8C163ECD61002243AA /* Time@2x.png */; };
		EF35CB90163ECDA2002243AA /* Hypno@2x.png in Resources */ = {isa = PBXBuildFile; fileRef = EF35CB8F163ECDA2002243AA /* Hypno@2x.png */; };
		EF35CB93163ECDDA002243AA /* Hypno.png in Resources */ = {isa = PBXBuildFile; fileRef = EF35CB91163ECDDA002243AA /* Hypno.png */; };
		EF35CB94163ECDDA002243AA /* Time.png in Resources */ = {isa = PBXBuildFile; fileRef = EF35CB92163ECDDA002243AA /* Time.png */; };
		EF35CB9A163EE0B8002243AA /* MapKit.framework in Frameworks */ = {isa = PBXBuildFile; fileRef = EF35CB99163EE0B8002243AA /* MapKit.framework */; };
		EF35CB9D163EE0F7002243AA /* MapViewController.m in Sources */ = {isa = PBXBuildFile; fileRef = EF35CB9C163EE0F7002243AA /* MapViewController.m */; };
		EF4DE68A163DB8A800B71754 /* UIKit.framework in Frameworks */ = {isa = PBXBuildFile; fileRef = EF4DE689163DB8A800B71754 /* UIKit.framework */; };
		EF4DE68C163DB8A800B71754 /* Foundation.framework in Frameworks */ = {isa = PBXBuildFile; fileRef = EF4DE68B163DB8A800B71754 /* Foundation.framework */; };
		EF4DE68E163DB8A800B71754 /* CoreGraphics.framework in Frameworks */ = {isa = PBXBuildFile; fileRef = EF4DE68D163DB8A800B71754 /* CoreGraphics.framework */; };
		EF4DE694163DB8A800B71754 /* InfoPlist.strings in Resources */ = {isa = PBXBuildFile; fileRef = EF4DE692163DB8A800B71754 /* InfoPlist.strings */; };
		EF4DE696163DB8A900B71754 /* main.m in Sources */ = {isa = PBXBuildFile; fileRef = EF4DE695163DB8A900B71754 /* main.m */; };
		EF4DE69A163DB8A900B71754 /* HypnoAppDelegate.m in Sources */ = {isa = PBXBuildFile; fileRef = EF4DE699163DB8A900B71754 /* HypnoAppDelegate.m */; };
		EF4DE6A2163DB8E700B71754 /* HypnosisViewController.m in Sources */ = {isa = PBXBuildFile; fileRef = EF4DE6A1163DB8E700B71754 /* HypnosisViewController.m */; };
		EF4DE6B1163DBA2C00B71754 /* HypnosisView.m in Sources */ = {isa = PBXBuildFile; fileRef = EF4DE6B0163DBA2C00B71754 /* HypnosisView.m */; };
/* End PBXBuildFile section */

/* Begin PBXFileReference section */
		EF35CB86163EC373002243AA /* TimeViewController.xib */ = {isa = PBXFileReference; fileEncoding = 4; lastKnownFileType = file.xib; path = TimeViewController.xib; sourceTree = "<group>"; };
		EF35CB88163EC45F002243AA /* TimeViewController.h */ = {isa = PBXFileReference; fileEncoding = 4; lastKnownFileType = sourcecode.c.h; path = TimeViewController.h; sourceTree = "<group>"; };
		EF35CB89163EC45F002243AA /* TimeViewController.m */ = {isa = PBXFileReference; fileEncoding = 4; lastKnownFileType = sourcecode.c.objc; path = TimeViewController.m; sourceTree = "<group>"; };
		EF35CB8C163ECD61002243AA /* Time@2x.png */ = {isa = PBXFileReference; lastKnownFileType = image.png; path = "Time@2x.png"; sourceTree = "<group>"; };
		EF35CB8F163ECDA2002243AA /* Hypno@2x.png */ = {isa = PBXFileReference; lastKnownFileType = image.png; path = "Hypno@2x.png"; sourceTree = "<group>"; };
		EF35CB91163ECDDA002243AA /* Hypno.png */ = {isa = PBXFileReference; lastKnownFileType = image.png; path = Hypno.png; sourceTree = "<group>"; };
		EF35CB92163ECDDA002243AA /* Time.png */ = {isa = PBXFileReference; lastKnownFileType = image.png; path = Time.png; sourceTree = "<group>"; };
		EF35CB99163EE0B8002243AA /* MapKit.framework */ = {isa = PBXFileReference; lastKnownFileType = wrapper.framework; name = MapKit.framework; path = System/Library/Frameworks/MapKit.framework; sourceTree = SDKROOT; };
		EF35CB9B163EE0F7002243AA /* MapViewController.h */ = {isa = PBXFileReference; fileEncoding = 4; lastKnownFileType = sourcecode.c.h; path = MapViewController.h; sourceTree = "<group>"; };
		EF35CB9C163EE0F7002243AA /* MapViewController.m */ = {isa = PBXFileReference; fileEncoding = 4; lastKnownFileType = sourcecode.c.objc; path = MapViewController.m; sourceTree = "<group>"; };
		EF4DE685163DB8A800B71754 /* HypnoTime.app */ = {isa = PBXFileReference; explicitFileType = wrapper.application; includeInIndex = 0; path = HypnoTime.app; sourceTree = BUILT_PRODUCTS_DIR; };
		EF4DE689163DB8A800B71754 /* UIKit.framework */ = {isa = PBXFileReference; lastKnownFileType = wrapper.framework; name = UIKit.framework; path = System/Library/Frameworks/UIKit.framework; sourceTree = SDKROOT; };
		EF4DE68B163DB8A800B71754 /* Foundation.framework */ = {isa = PBXFileReference; lastKnownFileType = wrapper.framework; name = Foundation.framework; path = System/Library/Frameworks/Foundation.framework; sourceTree = SDKROOT; };
		EF4DE68D163DB8A800B71754 /* CoreGraphics.framework */ = {isa = PBXFileReference; lastKnownFileType = wrapper.framework; name = CoreGraphics.framework; path = System/Library/Frameworks/CoreGraphics.framework; sourceTree = SDKROOT; };
		EF4DE691163DB8A800B71754 /* HypnoTime-Info.plist */ = {isa = PBXFileReference; lastKnownFileType = text.plist.xml; path = "HypnoTime-Info.plist"; sourceTree = "<group>"; };
		EF4DE693163DB8A800B71754 /* en */ = {isa = PBXFileReference; lastKnownFileType = text.plist.strings; name = en; path = en.lproj/InfoPlist.strings; sourceTree = "<group>"; };
		EF4DE695163DB8A900B71754 /* main.m */ = {isa = PBXFileReference; lastKnownFileType = sourcecode.c.objc; path = main.m; sourceTree = "<group>"; };
		EF4DE697163DB8A900B71754 /* HypnoTime-Prefix.pch */ = {isa = PBXFileReference; lastKnownFileType = sourcecode.c.h; path = "HypnoTime-Prefix.pch"; sourceTree = "<group>"; };
		EF4DE698163DB8A900B71754 /* HypnoAppDelegate.h */ = {isa = PBXFileReference; lastKnownFileType = sourcecode.c.h; path = HypnoAppDelegate.h; sourceTree = "<group>"; };
		EF4DE699163DB8A900B71754 /* HypnoAppDelegate.m */ = {isa = PBXFileReference; lastKnownFileType = sourcecode.c.objc; path = HypnoAppDelegate.m; sourceTree = "<group>"; };
		EF4DE6A0163DB8E700B71754 /* HypnosisViewController.h */ = {isa = PBXFileReference; fileEncoding = 4; lastKnownFileType = sourcecode.c.h; path = HypnosisViewController.h; sourceTree = "<group>"; };
		EF4DE6A1163DB8E700B71754 /* HypnosisViewController.m */ = {isa = PBXFileReference; fileEncoding = 4; lastKnownFileType = sourcecode.c.objc; path = HypnosisViewController.m; sourceTree = "<group>"; };
		EF4DE6AF163DBA2C00B71754 /* HypnosisView.h */ = {isa = PBXFileReference; fileEncoding = 4; lastKnownFileType = sourcecode.c.h; path = HypnosisView.h; sourceTree = "<group>"; };
		EF4DE6B0163DBA2C00B71754 /* HypnosisView.m */ = {isa = PBXFileReference; fileEncoding = 4; lastKnownFileType = sourcecode.c.objc; path = HypnosisView.m; sourceTree = "<group>"; };
/* End PBXFileReference section */

/* Begin PBXFrameworksBuildPhase section */
		EF4DE682163DB8A800B71754 /* Frameworks */ = {
			isa = PBXFrameworksBuildPhase;
			buildActionMask = 2147483647;
			files = (
				EF35CB9A163EE0B8002243AA /* MapKit.framework in Frameworks */,
				EF4DE68A163DB8A800B71754 /* UIKit.framework in Frameworks */,
				EF4DE68C163DB8A800B71754 /* Foundation.framework in Frameworks */,
				EF4DE68E163DB8A800B71754 /* CoreGraphics.framework in Frameworks */,
			);
			runOnlyForDeploymentPostprocessing = 0;
		};
/* End PBXFrameworksBuildPhase section */

/* Begin PBXGroup section */
		EF4DE67A163DB8A800B71754 = {
			isa = PBXGroup;
			children = (
				EF35CB9B163EE0F7002243AA /* MapViewController.h */,
				EF35CB9C163EE0F7002243AA /* MapViewController.m */,
				EF35CB8C163ECD61002243AA /* Time@2x.png */,
				EF35CB8F163ECDA2002243AA /* Hypno@2x.png */,
				EF35CB91163ECDDA002243AA /* Hypno.png */,
				EF35CB92163ECDDA002243AA /* Time.png */,
				EF35CB86163EC373002243AA /* TimeViewController.xib */,
				EF35CB88163EC45F002243AA /* TimeViewController.h */,
				EF35CB89163EC45F002243AA /* TimeViewController.m */,
				EF4DE6AF163DBA2C00B71754 /* HypnosisView.h */,
				EF4DE6B0163DBA2C00B71754 /* HypnosisView.m */,
				EF4DE6A0163DB8E700B71754 /* HypnosisViewController.h */,
				EF4DE6A1163DB8E700B71754 /* HypnosisViewController.m */,
				EF4DE68F163DB8A800B71754 /* HypnoTime */,
				EF4DE688163DB8A800B71754 /* Frameworks */,
				EF4DE686163DB8A800B71754 /* Products */,
			);
			sourceTree = "<group>";
		};
		EF4DE686163DB8A800B71754 /* Products */ = {
			isa = PBXGroup;
			children = (
				EF4DE685163DB8A800B71754 /* HypnoTime.app */,
			);
			name = Products;
			sourceTree = "<group>";
		};
		EF4DE688163DB8A800B71754 /* Frameworks */ = {
			isa = PBXGroup;
			children = (
				EF35CB99163EE0B8002243AA /* MapKit.framework */,
				EF4DE689163DB8A800B71754 /* UIKit.framework */,
				EF4DE68B163DB8A800B71754 /* Foundation.framework */,
				EF4DE68D163DB8A800B71754 /* CoreGraphics.framework */,
			);
			name = Frameworks;
			sourceTree = "<group>";
		};
		EF4DE68F163DB8A800B71754 /* HypnoTime */ = {
			isa = PBXGroup;
			children = (
				EF4DE698163DB8A900B71754 /* HypnoAppDelegate.h */,
				EF4DE699163DB8A900B71754 /* HypnoAppDelegate.m */,
				EF4DE690163DB8A800B71754 /* Supporting Files */,
			);
			path = HypnoTime;
			sourceTree = "<group>";
		};
		EF4DE690163DB8A800B71754 /* Supporting Files */ = {
			isa = PBXGroup;
			children = (
				EF4DE691163DB8A800B71754 /* HypnoTime-Info.plist */,
				EF4DE692163DB8A800B71754 /* InfoPlist.strings */,
				EF4DE695163DB8A900B71754 /* main.m */,
				EF4DE697163DB8A900B71754 /* HypnoTime-Prefix.pch */,
			);
			name = "Supporting Files";
			sourceTree = "<group>";
		};
/* End PBXGroup section */

/* Begin PBXNativeTarget section */
		EF4DE684163DB8A800B71754 /* HypnoTime */ = {
			isa = PBXNativeTarget;
			buildConfigurationList = EF4DE69D163DB8A900B71754 /* Build configuration list for PBXNativeTarget "HypnoTime" */;
			buildPhases = (
				EF4DE681163DB8A800B71754 /* Sources */,
				EF4DE682163DB8A800B71754 /* Frameworks */,
				EF4DE683163DB8A800B71754 /* Resources */,
			);
			buildRules = (
			);
			dependencies = (
			);
			name = HypnoTime;
			productName = HypnoTime;
			productReference = EF4DE685163DB8A800B71754 /* HypnoTime.app */;
			productType = "com.apple.product-type.application";
		};
/* End PBXNativeTarget section */

/* Begin PBXProject section */
		EF4DE67C163DB8A800B71754 /* Project object */ = {
			isa = PBXProject;
			attributes = {
				CLASSPREFIX = hypnosister;
				LastUpgradeCheck = 0440;
				ORGANIZATIONNAME = "Joe Coleman";
			};
			buildConfigurationList = EF4DE67F163DB8A800B71754 /* Build configuration list for PBXProject "HypnoTime" */;
			compatibilityVersion = "Xcode 3.2";
			developmentRegion = English;
			hasScannedForEncodings = 0;
			knownRegions = (
				en,
			);
			mainGroup = EF4DE67A163DB8A800B71754;
			productRefGroup = EF4DE686163DB8A800B71754 /* Products */;
			projectDirPath = "";
			projectRoot = "";
			targets = (
				EF4DE684163DB8A800B71754 /* HypnoTime */,
			);
		};
/* End PBXProject section */

/* Begin PBXResourcesBuildPhase section */
		EF4DE683163DB8A800B71754 /* Resources */ = {
			isa = PBXResourcesBuildPhase;
			buildActionMask = 2147483647;
			files = (
				EF4DE694163DB8A800B71754 /* InfoPlist.strings in Resources */,
				EF35CB87163EC373002243AA /* TimeViewController.xib in Resources */,
				EF35CB8E163ECD61002243AA /* Time@2x.png in Resources */,
				EF35CB90163ECDA2002243AA /* Hypno@2x.png in Resources */,
				EF35CB93163ECDDA002243AA /* Hypno.png in Resources */,
				EF35CB94163ECDDA002243AA /* Time.png in Resources */,
			);
			runOnlyForDeploymentPostprocessing = 0;
		};
/* End PBXResourcesBuildPhase section */

/* Begin PBXSourcesBuildPhase section */
		EF4DE681163DB8A800B71754 /* Sources */ = {
			isa = PBXSourcesBuildPhase;
			buildActionMask = 2147483647;
			files = (
				EF4DE696163DB8A900B71754 /* main.m in Sources */,
				EF4DE69A163DB8A900B71754 /* HypnoAppDelegate.m in Sources */,
				EF4DE6A2163DB8E700B71754 /* HypnosisViewController.m in Sources */,
				EF4DE6B1163DBA2C00B71754 /* HypnosisView.m in Sources */,
				EF35CB8A163EC45F002243AA /* TimeViewController.m in Sources */,
				EF35CB9D163EE0F7002243AA /* MapViewController.m in Sources */,
			);
			runOnlyForDeploymentPostprocessing = 0;
		};
/* End PBXSourcesBuildPhase section */

/* Begin PBXVariantGroup section */
		EF4DE692163DB8A800B71754 /* InfoPlist.strings */ = {
			isa = PBXVariantGroup;
			children = (
				EF4DE693163DB8A800B71754 /* en */,
			);
			name = InfoPlist.strings;
			sourceTree = "<group>";
		};
/* End PBXVariantGroup section */

/* Begin XCBuildConfiguration section */
		EF4DE69B163DB8A900B71754 /* Debug */ = {
			isa = XCBuildConfiguration;
			buildSettings = {
				ALWAYS_SEARCH_USER_PATHS = NO;
				ARCHS = "$(ARCHS_STANDARD_32_BIT)";
				CLANG_CXX_LANGUAGE_STANDARD = "gnu++0x";
				CLANG_ENABLE_OBJC_ARC = YES;
				CLANG_WARN__DUPLICATE_METHOD_MATCH = YES;
				"CODE_SIGN_IDENTITY[sdk=iphoneos*]" = "iPhone Developer";
				COPY_PHASE_STRIP = NO;
				GCC_C_LANGUAGE_STANDARD = gnu99;
				GCC_DYNAMIC_NO_PIC = NO;
				GCC_OPTIMIZATION_LEVEL = 0;
				GCC_PREPROCESSOR_DEFINITIONS = (
					"DEBUG=1",
					"$(inherited)",
				);
				GCC_SYMBOLS_PRIVATE_EXTERN = NO;
				GCC_VERSION = com.apple.compilers.llvm.clang.1_0;
				GCC_WARN_ABOUT_RETURN_TYPE = YES;
				GCC_WARN_UNINITIALIZED_AUTOS = YES;
				GCC_WARN_UNUSED_VARIABLE = YES;
				IPHONEOS_DEPLOYMENT_TARGET = 5.1;
				SDKROOT = iphoneos;
			};
			name = Debug;
		};
		EF4DE69C163DB8A900B71754 /* Release */ = {
			isa = XCBuildConfiguration;
			buildSettings = {
				ALWAYS_SEARCH_USER_PATHS = NO;
				ARCHS = "$(ARCHS_STANDARD_32_BIT)";
				CLANG_CXX_LANGUAGE_STANDARD = "gnu++0x";
				CLANG_ENABLE_OBJC_ARC = YES;
				CLANG_WARN__DUPLICATE_METHOD_MATCH = YES;
				"CODE_SIGN_IDENTITY[sdk=iphoneos*]" = "iPhone Developer";
				COPY_PHASE_STRIP = YES;
				GCC_C_LANGUAGE_STANDARD = gnu99;
				GCC_VERSION = com.apple.compilers.llvm.clang.1_0;
				GCC_WARN_ABOUT_RETURN_TYPE = YES;
				GCC_WARN_UNINITIALIZED_AUTOS = YES;
				GCC_WARN_UNUSED_VARIABLE = YES;
				IPHONEOS_DEPLOYMENT_TARGET = 5.1;
				OTHER_CFLAGS = "-DNS_BLOCK_ASSERTIONS=1";
				SDKROOT = iphoneos;
				VALIDATE_PRODUCT = YES;
			};
			name = Release;
		};
		EF4DE69E163DB8A900B71754 /* Debug */ = {
			isa = XCBuildConfiguration;
			buildSettings = {
				GCC_PRECOMPILE_PREFIX_HEADER = YES;
				GCC_PREFIX_HEADER = "HypnoTime/HypnoTime-Prefix.pch";
				INFOPLIST_FILE = "HypnoTime/HypnoTime-Info.plist";
				PRODUCT_NAME = "$(TARGET_NAME)";
				WRAPPER_EXTENSION = app;
			};
			name = Debug;
		};
		EF4DE69F163DB8A900B71754 /* Release */ = {
			isa = XCBuildConfiguration;
			buildSettings = {
				GCC_PRECOMPILE_PREFIX_HEADER = YES;
				GCC_PREFIX_HEADER = "HypnoTime/HypnoTime-Prefix.pch";
				INFOPLIST_FILE = "HypnoTime/HypnoTime-Info.plist";
				PRODUCT_NAME = "$(TARGET_NAME)";
				WRAPPER_EXTENSION = app;
			};
			name = Release;
		};
/* End XCBuildConfiguration section */

/* Begin XCConfigurationList section */
		EF4DE67F163DB8A800B71754 /* Build configuration list for PBXProject "HypnoTime" */ = {
			isa = XCConfigurationList;
			buildConfigurations = (
				EF4DE69B163DB8A900B71754 /* Debug */,
				EF4DE69C163DB8A900B71754 /* Release */,
			);
			defaultConfigurationIsVisible = 0;
			defaultConfigurationName = Release;
		};
		EF4DE69D163DB8A900B71754 /* Build configuration list for PBXNativeTarget "HypnoTime" */ = {
			isa = XCConfigurationList;
			buildConfigurations = (
				EF4DE69E163DB8A900B71754 /* Debug */,
				EF4DE69F163DB8A900B71754 /* Release */,
			);
			defaultConfigurationIsVisible = 0;
			defaultConfigurationName = Release;
		};
/* End XCConfigurationList section */
	};
	rootObject = EF4DE67C163DB8A800B71754 /* Project object */;
}
